
Microsoft Visual Studio Solution File, Format Version 12.00
# Visual Studio Version 17
VisualStudioVersion = 17.8.34525.116
MinimumVisualStudioVersion = 10.0.40219.1
Project("{FAE04EC0-301F-11D3-BF4B-00C04F79EFBC}") = "Lab_10", "Lab_10\Lab_10.csproj", "{2FBAB1A5-E37D-4FED-9BDC-057C07B312ED}"
EndProject
Global
	GlobalSection(SolutionConfigurationPlatforms) = preSolution
		Debug|Any CPU = Debug|Any CPU
		Release|Any CPU = Release|Any CPU
	EndGlobalSection
	GlobalSection(ProjectConfigurationPlatforms) = postSolution
		{2FBAB1A5-E37D-4FED-9BDC-057C07B312ED}.Debug|Any CPU.ActiveCfg = Debug|Any CPU
		{2FBAB1A5-E37D-4FED-9BDC-057C07B312ED}.Debug|Any CPU.Build.0 = Debug|Any CPU
		{2FBAB1A5-E37D-4FED-9BDC-057C07B312ED}.Release|Any CPU.ActiveCfg = Release|Any CPU
		{2FBAB1A5-E37D-4FED-9BDC-057C07B312ED}.Release|Any CPU.Build.0 = Release|Any CPU
	EndGlobalSection
	GlobalSection(SolutionProperties) = preSolution
		HideSolutionNode = FALSE
	EndGlobalSection
	GlobalSection(ExtensibilityGlobals) = postSolution
		SolutionGuid = {9470767D-A68A-4C9D-AA2B-6D4D87D87F3D}
	EndGlobalSection
EndGlobal
