
Microsoft Visual Studio Solution File, Format Version 12.00
# Visual Studio Version 17
VisualStudioVersion = 17.8.34525.116
MinimumVisualStudioVersion = 10.0.40219.1
Project("{FAE04EC0-301F-11D3-BF4B-00C04F79EFBC}") = "lab_1", "lab_1\lab_1.csproj", "{B09EACFE-82CA-4B01-B938-CD057D532489}"
EndProject
Global
	GlobalSection(SolutionConfigurationPlatforms) = preSolution
		Debug|Any CPU = Debug|Any CPU
		Release|Any CPU = Release|Any CPU
	EndGlobalSection
	GlobalSection(ProjectConfigurationPlatforms) = postSolution
		{B09EACFE-82CA-4B01-B938-CD057D532489}.Debug|Any CPU.ActiveCfg = Debug|Any CPU
		{B09EACFE-82CA-4B01-B938-CD057D532489}.Debug|Any CPU.Build.0 = Debug|Any CPU
		{B09EACFE-82CA-4B01-B938-CD057D532489}.Release|Any CPU.ActiveCfg = Release|Any CPU
		{B09EACFE-82CA-4B01-B938-CD057D532489}.Release|Any CPU.Build.0 = Release|Any CPU
	EndGlobalSection
	GlobalSection(SolutionProperties) = preSolution
		HideSolutionNode = FALSE
	EndGlobalSection
	GlobalSection(ExtensibilityGlobals) = postSolution
		SolutionGuid = {92249690-55E2-4448-8850-D8E023352424}
	EndGlobalSection
EndGlobal
